
Microsoft Visual Studio Solution File, Format Version 12.00
# Visual Studio 2013
Project("{FAE04EC0-301F-11D3-BF4B-00C04F79EFBC}") = "Light.CSharp", "Light.CSharp.csproj", "{D692ACB6-8B19-6FA1-965C-E45FD1220A25}"
EndProject
Project("{FAE04EC0-301F-11D3-BF4B-00C04F79EFBC}") = "Light.CSharp.Editor", "Light.CSharp.Editor.csproj", "{867F467D-9180-9604-1ADC-E2D78EC4B15F}"
EndProject
Global
	GlobalSection(SolutionConfigurationPlatforms) = preSolution
		Debug|Any CPU = Debug|Any CPU
		Release|Any CPU = Release|Any CPU
	EndGlobalSection
	GlobalSection(ProjectConfigurationPlatforms) = postSolution
		{D692ACB6-8B19-6FA1-965C-E45FD1220A25}.Debug|Any CPU.ActiveCfg = Debug|Any CPU
		{D692ACB6-8B19-6FA1-965C-E45FD1220A25}.Debug|Any CPU.Build.0 = Debug|Any CPU
		{D692ACB6-8B19-6FA1-965C-E45FD1220A25}.Release|Any CPU.ActiveCfg = Release|Any CPU
		{D692ACB6-8B19-6FA1-965C-E45FD1220A25}.Release|Any CPU.Build.0 = Release|Any CPU
		{867F467D-9180-9604-1ADC-E2D78EC4B15F}.Debug|Any CPU.ActiveCfg = Debug|Any CPU
		{867F467D-9180-9604-1ADC-E2D78EC4B15F}.Debug|Any CPU.Build.0 = Debug|Any CPU
		{867F467D-9180-9604-1ADC-E2D78EC4B15F}.Release|Any CPU.ActiveCfg = Release|Any CPU
		{867F467D-9180-9604-1ADC-E2D78EC4B15F}.Release|Any CPU.Build.0 = Release|Any CPU
	EndGlobalSection
	GlobalSection(SolutionProperties) = preSolution
		HideSolutionNode = FALSE
	EndGlobalSection
EndGlobal
